
Microsoft Visual Studio Solution File, Format Version 12.00
# Visual Studio Version 17
VisualStudioVersion = 17.4.33103.184
MinimumVisualStudioVersion = 10.0.40219.1
Project("{FAE04EC0-301F-11D3-BF4B-00C04F79EFBC}") = "FilmesAPI", "FilmesAPI\FilmesAPI.csproj", "{ECBABB8A-6E81-4137-A56D-A64DBDA7CFB1}"
EndProject
Global
	GlobalSection(SolutionConfigurationPlatforms) = preSolution
		Debug|Any CPU = Debug|Any CPU
		Release|Any CPU = Release|Any CPU
	EndGlobalSection
	GlobalSection(ProjectConfigurationPlatforms) = postSolution
		{ECBABB8A-6E81-4137-A56D-A64DBDA7CFB1}.Debug|Any CPU.ActiveCfg = Debug|Any CPU
		{ECBABB8A-6E81-4137-A56D-A64DBDA7CFB1}.Debug|Any CPU.Build.0 = Debug|Any CPU
		{ECBABB8A-6E81-4137-A56D-A64DBDA7CFB1}.Release|Any CPU.ActiveCfg = Release|Any CPU
		{ECBABB8A-6E81-4137-A56D-A64DBDA7CFB1}.Release|Any CPU.Build.0 = Release|Any CPU
	EndGlobalSection
	GlobalSection(SolutionProperties) = preSolution
		HideSolutionNode = FALSE
	EndGlobalSection
	GlobalSection(ExtensibilityGlobals) = postSolution
		SolutionGuid = {8A311767-51EF-434A-BDAF-368AB133FD32}
	EndGlobalSection
EndGlobal
